
Microsoft Visual Studio Solution File, Format Version 12.00
# Visual Studio Version 17
VisualStudioVersion = 17.0.31903.59
MinimumVisualStudioVersion = 10.0.40219.1
Project("{9A19103F-16F7-4668-BE54-9A1E7A4F7556}") = "Bindings", "DuckDB.NET.Bindings\Bindings.csproj", "{AACED9D2-A26F-4449-9362-458E7E3EFF0F}"
EndProject
Project("{9A19103F-16F7-4668-BE54-9A1E7A4F7556}") = "Data", "DuckDB.NET.Data\Data.csproj", "{98098E54-1E0A-438D-80F0-06362BF5C791}"
EndProject
Project("{FAE04EC0-301F-11D3-BF4B-00C04F79EFBC}") = "MemoryExceptionCode", "MemoryExceptionCode\MemoryExceptionCode.csproj", "{D944B722-FD1D-4667-B74C-1A0DE06B08FE}"
EndProject
Global
	GlobalSection(SolutionConfigurationPlatforms) = preSolution
		Debug|Any CPU = Debug|Any CPU
		Release|Any CPU = Release|Any CPU
	EndGlobalSection
	GlobalSection(ProjectConfigurationPlatforms) = postSolution
		{AACED9D2-A26F-4449-9362-458E7E3EFF0F}.Debug|Any CPU.ActiveCfg = Debug|Any CPU
		{AACED9D2-A26F-4449-9362-458E7E3EFF0F}.Debug|Any CPU.Build.0 = Debug|Any CPU
		{AACED9D2-A26F-4449-9362-458E7E3EFF0F}.Release|Any CPU.ActiveCfg = Release|Any CPU
		{AACED9D2-A26F-4449-9362-458E7E3EFF0F}.Release|Any CPU.Build.0 = Release|Any CPU
		{98098E54-1E0A-438D-80F0-06362BF5C791}.Debug|Any CPU.ActiveCfg = Debug|Any CPU
		{98098E54-1E0A-438D-80F0-06362BF5C791}.Debug|Any CPU.Build.0 = Debug|Any CPU
		{98098E54-1E0A-438D-80F0-06362BF5C791}.Release|Any CPU.ActiveCfg = Release|Any CPU
		{98098E54-1E0A-438D-80F0-06362BF5C791}.Release|Any CPU.Build.0 = Release|Any CPU
		{D944B722-FD1D-4667-B74C-1A0DE06B08FE}.Debug|Any CPU.ActiveCfg = Debug|Any CPU
		{D944B722-FD1D-4667-B74C-1A0DE06B08FE}.Debug|Any CPU.Build.0 = Debug|Any CPU
		{D944B722-FD1D-4667-B74C-1A0DE06B08FE}.Release|Any CPU.ActiveCfg = Release|Any CPU
		{D944B722-FD1D-4667-B74C-1A0DE06B08FE}.Release|Any CPU.Build.0 = Release|Any CPU
	EndGlobalSection
	GlobalSection(SolutionProperties) = preSolution
		HideSolutionNode = FALSE
	EndGlobalSection
	GlobalSection(ExtensibilityGlobals) = postSolution
		SolutionGuid = {21375AF1-0242-4786-81DA-8ACA0F65DAC0}
	EndGlobalSection
EndGlobal
